// !$*UTF8*$!
{
	archiveVersion = 1;
	classes = {
	};
	objectVersion = 50;
	objects = {

/* Begin PBXBuildFile section */
		22F7D4F025A5674B00997FCD /* TwitterSwiftUIPracticeApp.swift in Sources */ = {isa = PBXBuildFile; fileRef = 22F7D4EF25A5674B00997FCD /* TwitterSwiftUIPracticeApp.swift */; };
		22F7D4F225A5674B00997FCD /* ContentView.swift in Sources */ = {isa = PBXBuildFile; fileRef = 22F7D4F125A5674B00997FCD /* ContentView.swift */; };
		22F7D4F425A5674D00997FCD /* Assets.xcassets in Resources */ = {isa = PBXBuildFile; fileRef = 22F7D4F325A5674D00997FCD /* Assets.xcassets */; };
		22F7D4F725A5674D00997FCD /* Preview Assets.xcassets in Resources */ = {isa = PBXBuildFile; fileRef = 22F7D4F625A5674D00997FCD /* Preview Assets.xcassets */; };
		22F7D50325A57C3F00997FCD /* FeedView.swift in Sources */ = {isa = PBXBuildFile; fileRef = 22F7D50225A57C3F00997FCD /* FeedView.swift */; };
		22F7D50725A580AE00997FCD /* TweetCell.swift in Sources */ = {isa = PBXBuildFile; fileRef = 22F7D50625A580AE00997FCD /* TweetCell.swift */; };
/* End PBXBuildFile section */

/* Begin PBXFileReference section */
		22F7D4EC25A5674B00997FCD /* TwitterSwiftUIPractice.app */ = {isa = PBXFileReference; explicitFileType = wrapper.application; includeInIndex = 0; path = TwitterSwiftUIPractice.app; sourceTree = BUILT_PRODUCTS_DIR; };
		22F7D4EF25A5674B00997FCD /* TwitterSwiftUIPracticeApp.swift */ = {isa = PBXFileReference; lastKnownFileType = sourcecode.swift; path = TwitterSwiftUIPracticeApp.swift; sourceTree = "<group>"; };
		22F7D4F125A5674B00997FCD /* ContentView.swift */ = {isa = PBXFileReference; lastKnownFileType = sourcecode.swift; path = ContentView.swift; sourceTree = "<group>"; };
		22F7D4F325A5674D00997FCD /* Assets.xcassets */ = {isa = PBXFileReference; lastKnownFileType = folder.assetcatalog; path = Assets.xcassets; sourceTree = "<group>"; };
		22F7D4F625A5674D00997FCD /* Preview Assets.xcassets */ = {isa = PBXFileReference; lastKnownFileType = folder.assetcatalog; path = "Preview Assets.xcassets"; sourceTree = "<group>"; };
		22F7D4F825A5674D00997FCD /* Info.plist */ = {isa = PBXFileReference; lastKnownFileType = text.plist.xml; path = Info.plist; sourceTree = "<group>"; };
		22F7D50225A57C3F00997FCD /* FeedView.swift */ = {isa = PBXFileReference; lastKnownFileType = sourcecode.swift; path = FeedView.swift; sourceTree = "<group>"; };
		22F7D50625A580AE00997FCD /* TweetCell.swift */ = {isa = PBXFileReference; lastKnownFileType = sourcecode.swift; path = TweetCell.swift; sourceTree = "<group>"; };
/* End PBXFileReference section */

/* Begin PBXFrameworksBuildPhase section */
		22F7D4E925A5674B00997FCD /* Frameworks */ = {
			isa = PBXFrameworksBuildPhase;
			buildActionMask = 2147483647;
			files = (
			);
			runOnlyForDeploymentPostprocessing = 0;
		};
/* End PBXFrameworksBuildPhase section */

/* Begin PBXGroup section */
		22F7D4E325A5674B00997FCD = {
			isa = PBXGroup;
			children = (
				22F7D4EE25A5674B00997FCD /* TwitterSwiftUIPractice */,
				22F7D4ED25A5674B00997FCD /* Products */,
			);
			sourceTree = "<group>";
		};
		22F7D4ED25A5674B00997FCD /* Products */ = {
			isa = PBXGroup;
			children = (
				22F7D4EC25A5674B00997FCD /* TwitterSwiftUIPractice.app */,
			);
			name = Products;
			sourceTree = "<group>";
		};
		22F7D4EE25A5674B00997FCD /* TwitterSwiftUIPractice */ = {
			isa = PBXGroup;
			children = (
				22F7D4FF25A57C0F00997FCD /* Model */,
				22F7D50025A57C1A00997FCD /* View */,
				22F7D50125A57C2000997FCD /* ViewModels */,
				22F7D4EF25A5674B00997FCD /* TwitterSwiftUIPracticeApp.swift */,
				22F7D4F325A5674D00997FCD /* Assets.xcassets */,
				22F7D4F825A5674D00997FCD /* Info.plist */,
				22F7D4F525A5674D00997FCD /* Preview Content */,
			);
			path = TwitterSwiftUIPractice;
			sourceTree = "<group>";
		};
		22F7D4F525A5674D00997FCD /* Preview Content */ = {
			isa = PBXGroup;
			children = (
				22F7D4F625A5674D00997FCD /* Preview Assets.xcassets */,
			);
			path = "Preview Content";
			sourceTree = "<group>";
		};
		22F7D4FF25A57C0F00997FCD /* Model */ = {
			isa = PBXGroup;
			children = (
			);
			path = Model;
			sourceTree = "<group>";
		};
		22F7D50025A57C1A00997FCD /* View */ = {
			isa = PBXGroup;
			children = (
				22F7D4F125A5674B00997FCD /* ContentView.swift */,
				22F7D50225A57C3F00997FCD /* FeedView.swift */,
				22F7D50625A580AE00997FCD /* TweetCell.swift */,
			);
			path = View;
			sourceTree = "<group>";
		};
		22F7D50125A57C2000997FCD /* ViewModels */ = {
			isa = PBXGroup;
			children = (
			);
			path = ViewModels;
			sourceTree = "<group>";
		};
/* End PBXGroup section */

/* Begin PBXNativeTarget section */
		22F7D4EB25A5674B00997FCD /* TwitterSwiftUIPractice */ = {
			isa = PBXNativeTarget;
			buildConfigurationList = 22F7D4FB25A5674D00997FCD /* Build configuration list for PBXNativeTarget "TwitterSwiftUIPractice" */;
			buildPhases = (
				22F7D4E825A5674B00997FCD /* Sources */,
				22F7D4E925A5674B00997FCD /* Frameworks */,
				22F7D4EA25A5674B00997FCD /* Resources */,
			);
			buildRules = (
			);
			dependencies = (
			);
			name = TwitterSwiftUIPractice;
			productName = TwitterSwiftUIPractice;
			productReference = 22F7D4EC25A5674B00997FCD /* TwitterSwiftUIPractice.app */;
			productType = "com.apple.product-type.application";
		};
/* End PBXNativeTarget section */

/* Begin PBXProject section */
		22F7D4E425A5674B00997FCD /* Project object */ = {
			isa = PBXProject;
			attributes = {
				LastSwiftUpdateCheck = 1200;
				LastUpgradeCheck = 1200;
				TargetAttributes = {
					22F7D4EB25A5674B00997FCD = {
						CreatedOnToolsVersion = 12.0.1;
					};
				};
			};
			buildConfigurationList = 22F7D4E725A5674B00997FCD /* Build configuration list for PBXProject "TwitterSwiftUIPractice" */;
			compatibilityVersion = "Xcode 9.3";
			developmentRegion = en;
			hasScannedForEncodings = 0;
			knownRegions = (
				en,
				Base,
			);
			mainGroup = 22F7D4E325A5674B00997FCD;
			productRefGroup = 22F7D4ED25A5674B00997FCD /* Products */;
			projectDirPath = "";
			projectRoot = "";
			targets = (
				22F7D4EB25A5674B00997FCD /* TwitterSwiftUIPractice */,
			);
		};
/* End PBXProject section */

/* Begin PBXResourcesBuildPhase section */
		22F7D4EA25A5674B00997FCD /* Resources */ = {
			isa = PBXResourcesBuildPhase;
			buildActionMask = 2147483647;
			files = (
				22F7D4F725A5674D00997FCD /* Preview Assets.xcassets in Resources */,
				22F7D4F425A5674D00997FCD /* Assets.xcassets in Resources */,
			);
			runOnlyForDeploymentPostprocessing = 0;
		};
/* End PBXResourcesBuildPhase section */

/* Begin PBXSourcesBuildPhase section */
		22F7D4E825A5674B00997FCD /* Sources */ = {
			isa = PBXSourcesBuildPhase;
			buildActionMask = 2147483647;
			files = (
				22F7D4F225A5674B00997FCD /* ContentView.swift in Sources */,
				22F7D50325A57C3F00997FCD /* FeedView.swift in Sources */,
				22F7D4F025A5674B00997FCD /* TwitterSwiftUIPracticeApp.swift in Sources */,
				22F7D50725A580AE00997FCD /* TweetCell.swift in Sources */,
			);
			runOnlyForDeploymentPostprocessing = 0;
		};
/* End PBXSourcesBuildPhase section */

/* Begin XCBuildConfiguration section */
		22F7D4F925A5674D00997FCD /* Debug */ = {
			isa = XCBuildConfiguration;
			buildSettings = {
				ALWAYS_SEARCH_USER_PATHS = NO;
				CLANG_ANALYZER_NONNULL = YES;
				CLANG_ANALYZER_NUMBER_OBJECT_CONVERSION = YES_AGGRESSIVE;
				CLANG_CXX_LANGUAGE_STANDARD = "gnu++14";
				CLANG_CXX_LIBRARY = "libc++";
				CLANG_ENABLE_MODULES = YES;
				CLANG_ENABLE_OBJC_ARC = YES;
				CLANG_ENABLE_OBJC_WEAK = YES;
				CLANG_WARN_BLOCK_CAPTURE_AUTORELEASING = YES;
				CLANG_WARN_BOOL_CONVERSION = YES;
				CLANG_WARN_COMMA = YES;
				CLANG_WARN_CONSTANT_CONVERSION = YES;
				CLANG_WARN_DEPRECATED_OBJC_IMPLEMENTATIONS = YES;
				CLANG_WARN_DIRECT_OBJC_ISA_USAGE = YES_ERROR;
				CLANG_WARN_DOCUMENTATION_COMMENTS = YES;
				CLANG_WARN_EMPTY_BODY = YES;
				CLANG_WARN_ENUM_CONVERSION = YES;
				CLANG_WARN_INFINITE_RECURSION = YES;
				CLANG_WARN_INT_CONVERSION = YES;
				CLANG_WARN_NON_LITERAL_NULL_CONVERSION = YES;
				CLANG_WARN_OBJC_IMPLICIT_RETAIN_SELF = YES;
				CLANG_WARN_OBJC_LITERAL_CONVERSION = YES;
				CLANG_WARN_OBJC_ROOT_CLASS = YES_ERROR;
				CLANG_WARN_QUOTED_INCLUDE_IN_FRAMEWORK_HEADER = YES;
				CLANG_WARN_RANGE_LOOP_ANALYSIS = YES;
				CLANG_WARN_STRICT_PROTOTYPES = YES;
				CLANG_WARN_SUSPICIOUS_MOVE = YES;
				CLANG_WARN_UNGUARDED_AVAILABILITY = YES_AGGRESSIVE;
				CLANG_WARN_UNREACHABLE_CODE = YES;
				CLANG_WARN__DUPLICATE_METHOD_MATCH = YES;
				COPY_PHASE_STRIP = NO;
				DEBUG_INFORMATION_FORMAT = dwarf;
				ENABLE_STRICT_OBJC_MSGSEND = YES;
				ENABLE_TESTABILITY = YES;
				GCC_C_LANGUAGE_STANDARD = gnu11;
				GCC_DYNAMIC_NO_PIC = NO;
				GCC_NO_COMMON_BLOCKS = YES;
				GCC_OPTIMIZATION_LEVEL = 0;
				GCC_PREPROCESSOR_DEFINITIONS = (
					"DEBUG=1",
					"$(inherited)",
				);
				GCC_WARN_64_TO_32_BIT_CONVERSION = YES;
				GCC_WARN_ABOUT_RETURN_TYPE = YES_ERROR;
				GCC_WARN_UNDECLARED_SELECTOR = YES;
				GCC_WARN_UNINITIALIZED_AUTOS = YES_AGGRESSIVE;
				GCC_WARN_UNUSED_FUNCTION = YES;
				GCC_WARN_UNUSED_VARIABLE = YES;
				IPHONEOS_DEPLOYMENT_TARGET = 14.0;
				MTL_ENABLE_DEBUG_INFO = INCLUDE_SOURCE;
				MTL_FAST_MATH = YES;
				ONLY_ACTIVE_ARCH = YES;
				SDKROOT = iphoneos;
				SWIFT_ACTIVE_COMPILATION_CONDITIONS = DEBUG;
				SWIFT_OPTIMIZATION_LEVEL = "-Onone";
			};
			name = Debug;
		};
		22F7D4FA25A5674D00997FCD /* Release */ = {
			isa = XCBuildConfiguration;
			buildSettings = {
				ALWAYS_SEARCH_USER_PATHS = NO;
				CLANG_ANALYZER_NONNULL = YES;
				CLANG_ANALYZER_NUMBER_OBJECT_CONVERSION = YES_AGGRESSIVE;
				CLANG_CXX_LANGUAGE_STANDARD = "gnu++14";
				CLANG_CXX_LIBRARY = "libc++";
				CLANG_ENABLE_MODULES = YES;
				CLANG_ENABLE_OBJC_ARC = YES;
				CLANG_ENABLE_OBJC_WEAK = YES;
				CLANG_WARN_BLOCK_CAPTURE_AUTORELEASING = YES;
				CLANG_WARN_BOOL_CONVERSION = YES;
				CLANG_WARN_COMMA = YES;
				CLANG_WARN_CONSTANT_CONVERSION = YES;
				CLANG_WARN_DEPRECATED_OBJC_IMPLEMENTATIONS = YES;
				CLANG_WARN_DIRECT_OBJC_ISA_USAGE = YES_ERROR;
				CLANG_WARN_DOCUMENTATION_COMMENTS = YES;
				CLANG_WARN_EMPTY_BODY = YES;
				CLANG_WARN_ENUM_CONVERSION = YES;
				CLANG_WARN_INFINITE_RECURSION = YES;
				CLANG_WARN_INT_CONVERSION = YES;
				CLANG_WARN_NON_LITERAL_NULL_CONVERSION = YES;
				CLANG_WARN_OBJC_IMPLICIT_RETAIN_SELF = YES;
				CLANG_WARN_OBJC_LITERAL_CONVERSION = YES;
				CLANG_WARN_OBJC_ROOT_CLASS = YES_ERROR;
				CLANG_WARN_QUOTED_INCLUDE_IN_FRAMEWORK_HEADER = YES;
				CLANG_WARN_RANGE_LOOP_ANALYSIS = YES;
				CLANG_WARN_STRICT_PROTOTYPES = YES;
				CLANG_WARN_SUSPICIOUS_MOVE = YES;
				CLANG_WARN_UNGUARDED_AVAILABILITY = YES_AGGRESSIVE;
				CLANG_WARN_UNREACHABLE_CODE = YES;
				CLANG_WARN__DUPLICATE_METHOD_MATCH = YES;
				COPY_PHASE_STRIP = NO;
				DEBUG_INFORMATION_FORMAT = "dwarf-with-dsym";
				ENABLE_NS_ASSERTIONS = NO;
				ENABLE_STRICT_OBJC_MSGSEND = YES;
				GCC_C_LANGUAGE_STANDARD = gnu11;
				GCC_NO_COMMON_BLOCKS = YES;
				GCC_WARN_64_TO_32_BIT_CONVERSION = YES;
				GCC_WARN_ABOUT_RETURN_TYPE = YES_ERROR;
				GCC_WARN_UNDECLARED_SELECTOR = YES;
				GCC_WARN_UNINITIALIZED_AUTOS = YES_AGGRESSIVE;
				GCC_WARN_UNUSED_FUNCTION = YES;
				GCC_WARN_UNUSED_VARIABLE = YES;
				IPHONEOS_DEPLOYMENT_TARGET = 14.0;
				MTL_ENABLE_DEBUG_INFO = NO;
				MTL_FAST_MATH = YES;
				SDKROOT = iphoneos;
				SWIFT_COMPILATION_MODE = wholemodule;
				SWIFT_OPTIMIZATION_LEVEL = "-O";
				VALIDATE_PRODUCT = YES;
			};
			name = Release;
		};
		22F7D4FC25A5674D00997FCD /* Debug */ = {
			isa = XCBuildConfiguration;
			buildSettings = {
				ASSETCATALOG_COMPILER_APPICON_NAME = AppIcon;
				ASSETCATALOG_COMPILER_GLOBAL_ACCENT_COLOR_NAME = AccentColor;
				CODE_SIGN_STYLE = Automatic;
				DEVELOPMENT_ASSET_PATHS = "\"TwitterSwiftUIPractice/Preview Content\"";
				DEVELOPMENT_TEAM = 3LWR7232Q6;
				ENABLE_PREVIEWS = YES;
				INFOPLIST_FILE = TwitterSwiftUIPractice/Info.plist;
				IPHONEOS_DEPLOYMENT_TARGET = 14.0;
				LD_RUNPATH_SEARCH_PATHS = (
					"$(inherited)",
					"@executable_path/Frameworks",
				);
				PRODUCT_BUNDLE_IDENTIFIER = cop.dj.TwitterSwiftUIPractice;
				PRODUCT_NAME = "$(TARGET_NAME)";
				SWIFT_VERSION = 5.0;
				TARGETED_DEVICE_FAMILY = "1,2";
			};
			name = Debug;
		};
		22F7D4FD25A5674D00997FCD /* Release */ = {
			isa = XCBuildConfiguration;
			buildSettings = {
				ASSETCATALOG_COMPILER_APPICON_NAME = AppIcon;
				ASSETCATALOG_COMPILER_GLOBAL_ACCENT_COLOR_NAME = AccentColor;
				CODE_SIGN_STYLE = Automatic;
				DEVELOPMENT_ASSET_PATHS = "\"TwitterSwiftUIPractice/Preview Content\"";
				DEVELOPMENT_TEAM = 3LWR7232Q6;
				ENABLE_PREVIEWS = YES;
				INFOPLIST_FILE = TwitterSwiftUIPractice/Info.plist;
				IPHONEOS_DEPLOYMENT_TARGET = 14.0;
				LD_RUNPATH_SEARCH_PATHS = (
					"$(inherited)",
					"@executable_path/Frameworks",
				);
				PRODUCT_BUNDLE_IDENTIFIER = cop.dj.TwitterSwiftUIPractice;
				PRODUCT_NAME = "$(TARGET_NAME)";
				SWIFT_VERSION = 5.0;
				TARGETED_DEVICE_FAMILY = "1,2";
			};
			name = Release;
		};
/* End XCBuildConfiguration section */

/* Begin XCConfigurationList section */
		22F7D4E725A5674B00997FCD /* Build configuration list for PBXProject "TwitterSwiftUIPractice" */ = {
			isa = XCConfigurationList;
			buildConfigurations = (
				22F7D4F925A5674D00997FCD /* Debug */,
				22F7D4FA25A5674D00997FCD /* Release */,
			);
			defaultConfigurationIsVisible = 0;
			defaultConfigurationName = Release;
		};
		22F7D4FB25A5674D00997FCD /* Build configuration list for PBXNativeTarget "TwitterSwiftUIPractice" */ = {
			isa = XCConfigurationList;
			buildConfigurations = (
				22F7D4FC25A5674D00997FCD /* Debug */,
				22F7D4FD25A5674D00997FCD /* Release */,
			);
			defaultConfigurationIsVisible = 0;
			defaultConfigurationName = Release;
		};
/* End XCConfigurationList section */
	};
	rootObject = 22F7D4E425A5674B00997FCD /* Project object */;
}
